
Microsoft Visual Studio Solution File, Format Version 12.00
# Visual Studio Version 17
VisualStudioVersion = 17.0.31903.59
MinimumVisualStudioVersion = 10.0.40219.1
Project("{2150E333-8FDC-42A3-9474-1A3956D46DE8}") = "src", "src", "{2460BB53-5FD8-4B98-97CD-AE9032C47794}"
EndProject
Project("{2150E333-8FDC-42A3-9474-1A3956D46DE8}") = "test", "test", "{6356C5E8-2961-44E1-9791-FC1ABF7F1CCA}"
EndProject
Project("{FAE04EC0-301F-11D3-BF4B-00C04F79EFBC}") = "SingalR.Server", "src\SingalR.Server\SingalR.Server.csproj", "{B0CEDAB5-05C6-4F1F-A100-BB00354EA2DF}"
EndProject
Project("{FAE04EC0-301F-11D3-BF4B-00C04F79EFBC}") = "SignalR.Client", "src\SignalR.Client\SignalR.Client.csproj", "{B9212551-A36F-4FD6-90D3-9F4A82C27E7E}"
EndProject
Global
	GlobalSection(SolutionConfigurationPlatforms) = preSolution
		Debug|Any CPU = Debug|Any CPU
		Release|Any CPU = Release|Any CPU
	EndGlobalSection
	GlobalSection(ProjectConfigurationPlatforms) = postSolution
		{B0CEDAB5-05C6-4F1F-A100-BB00354EA2DF}.Debug|Any CPU.ActiveCfg = Debug|Any CPU
		{B0CEDAB5-05C6-4F1F-A100-BB00354EA2DF}.Debug|Any CPU.Build.0 = Debug|Any CPU
		{B0CEDAB5-05C6-4F1F-A100-BB00354EA2DF}.Release|Any CPU.ActiveCfg = Release|Any CPU
		{B0CEDAB5-05C6-4F1F-A100-BB00354EA2DF}.Release|Any CPU.Build.0 = Release|Any CPU
		{B9212551-A36F-4FD6-90D3-9F4A82C27E7E}.Debug|Any CPU.ActiveCfg = Debug|Any CPU
		{B9212551-A36F-4FD6-90D3-9F4A82C27E7E}.Debug|Any CPU.Build.0 = Debug|Any CPU
		{B9212551-A36F-4FD6-90D3-9F4A82C27E7E}.Release|Any CPU.ActiveCfg = Release|Any CPU
		{B9212551-A36F-4FD6-90D3-9F4A82C27E7E}.Release|Any CPU.Build.0 = Release|Any CPU
	EndGlobalSection
	GlobalSection(SolutionProperties) = preSolution
		HideSolutionNode = FALSE
	EndGlobalSection
	GlobalSection(NestedProjects) = preSolution
		{B0CEDAB5-05C6-4F1F-A100-BB00354EA2DF} = {2460BB53-5FD8-4B98-97CD-AE9032C47794}
		{B9212551-A36F-4FD6-90D3-9F4A82C27E7E} = {2460BB53-5FD8-4B98-97CD-AE9032C47794}
	EndGlobalSection
	GlobalSection(ExtensibilityGlobals) = postSolution
		SolutionGuid = {39C0C6EF-6453-414A-AA4C-47AB8B0CD169}
	EndGlobalSection
EndGlobal
